github.com/google/go-cmp v0.7.0 h1:wk8382ETsv4JYUZwIsn6YpYiWiBsYLSJiTsyBybVuN8=
github.com/google/go-cmp v0.7.0/go.mod h1:pXiqmnSA92OHEEa9HXL2W4E7lf9JzCmGVUdgjX3N/iU=
seehuhn.de/go/geom v0.7.4 h1:LbvUWLSwu/8KZO6TKDzQRHqfEwTGyS/npBsyQG03Yuc=
seehuhn.de/go/geom v0.7.4/go.mod h1:0diHpKsEzgxI6SC1YY7525/TXIkXj0W2EjBvDXXN+Vc=
seehuhn.de/go/membudget v0.7.4 h1:G8f921Bi28xfPkuf3Kr425qE6P+NDP/i1jkVbcFCEa8=
seehuhn.de/go/membudget v0.7.4/go.mod h1:iDiUmeAojPjk77vwdxBBBEF7bFuwz/ggMjEuACvU8UQ=
